
Microsoft Visual Studio Solution File, Format Version 12.00
# Visual Studio Version 16
VisualStudioVersion = 16.0.32630.194
MinimumVisualStudioVersion = 10.0.40219.1
Project("{FAE04EC0-301F-11D3-BF4B-00C04F79EFBC}") = "School System", "FirstPro\School System.csproj", "{E6BAD62C-C987-44DD-A8C2-FC263A6B4999}"
EndProject
Global
	GlobalSection(SolutionConfigurationPlatforms) = preSolution
		Debug|Any CPU = Debug|Any CPU
		Release|Any CPU = Release|Any CPU
	EndGlobalSection
	GlobalSection(ProjectConfigurationPlatforms) = postSolution
		{E6BAD62C-C987-44DD-A8C2-FC263A6B4999}.Debug|Any CPU.ActiveCfg = Debug|Any CPU
		{E6BAD62C-C987-44DD-A8C2-FC263A6B4999}.Debug|Any CPU.Build.0 = Debug|Any CPU
		{E6BAD62C-C987-44DD-A8C2-FC263A6B4999}.Release|Any CPU.ActiveCfg = Release|Any CPU
		{E6BAD62C-C987-44DD-A8C2-FC263A6B4999}.Release|Any CPU.Build.0 = Release|Any CPU
	EndGlobalSection
	GlobalSection(SolutionProperties) = preSolution
		HideSolutionNode = FALSE
	EndGlobalSection
	GlobalSection(ExtensibilityGlobals) = postSolution
		SolutionGuid = {45991212-5AE8-4662-97A4-B5CDA8FF4730}
	EndGlobalSection
EndGlobal
